
Microsoft Visual Studio Solution File, Format Version 12.00
# Visual Studio Version 17
VisualStudioVersion = 17.11.35303.130
MinimumVisualStudioVersion = 10.0.40219.1
Project("{2150E333-8FDC-42A3-9474-1A3956D46DE8}") = "Task0", "Task0", "{B9999FE2-2707-40E1-BCA8-E74E24124F17}"
EndProject
Project("{9A19103F-16F7-4668-BE54-9A1E7A4F7556}") = "Tyuiu.RogovA.Sprint0.Task0.V0", "Tyuiu.RogovA.Sprint0.Task0.V0\Tyuiu.RogovA.Sprint0.Task0.V0.csproj", "{A78BFC64-E7D8-4490-8365-AA6FFD0EBC58}"
EndProject
Project("{2150E333-8FDC-42A3-9474-1A3956D46DE8}") = "Task1", "Task1", "{7E3AEE8C-FE56-4473-996B-350B83B58575}"
EndProject
Project("{9A19103F-16F7-4668-BE54-9A1E7A4F7556}") = "Tyuiu.RogovA.Sprint0.Task1.V0", "Tyuiu.RogovA.Sprint0.Task1.V0\Tyuiu.RogovA.Sprint0.Task1.V0.csproj", "{D34EE392-BECC-4288-A1C3-30C99C370AAD}"
EndProject
Project("{2150E333-8FDC-42A3-9474-1A3956D46DE8}") = "Task2", "Task2", "{979BE82A-4B5C-4DEF-BD12-551B37A2B8D9}"
EndProject
Project("{9A19103F-16F7-4668-BE54-9A1E7A4F7556}") = "Tyuiu.RogovA.Sprint0.Task2.V0", "Tyuiu.RogovA.Sprint0.Task2.V0\Tyuiu.RogovA.Sprint0.Task2.V0.csproj", "{D1683E8C-A530-4099-888A-D8C5F38E4E27}"
EndProject
Project("{9A19103F-16F7-4668-BE54-9A1E7A4F7556}") = "Tyuiu.RogovA.Sprint0.Task2.V0.Lib", "Tyuiu.RogovA.Sprint0.Task2.V0.Lib\Tyuiu.RogovA.Sprint0.Task2.V0.Lib.csproj", "{39DFF9C4-8A3F-4AE5-95AB-ED7A64464153}"
EndProject
Project("{9A19103F-16F7-4668-BE54-9A1E7A4F7556}") = "Tyuiu.RogovA.Sprint0.Task2.V0.Test", "Tyuiu.RogovA.Sprint0.Task2.V0.Test\Tyuiu.RogovA.Sprint0.Task2.V0.Test.csproj", "{CC95144E-7D41-4822-AB2A-8C3D5882AB17}"
EndProject
Project("{2150E333-8FDC-42A3-9474-1A3956D46DE8}") = "Task3", "Task3", "{48C54DD0-3542-4F48-9F3F-DBDD3646CC15}"
EndProject
Project("{9A19103F-16F7-4668-BE54-9A1E7A4F7556}") = "Tyuiu.RogovA.Sprint0.Task3.V0.Test", "Tyuiu.RogovA.Sprint0.Task3.Test\Tyuiu.RogovA.Sprint0.Task3.V0.Test.csproj", "{32E15468-9C2D-4EEC-A7B0-60540C43B82E}"
EndProject
Project("{9A19103F-16F7-4668-BE54-9A1E7A4F7556}") = "Tyuiu.RogovA.Sprint0.Task3.V0.Lib", "Tyuiu.RogovA.Sprint0.Task3.Lib\Tyuiu.RogovA.Sprint0.Task3.V0.Lib.csproj", "{9FF48102-7FBA-4997-8C3C-4C9E428A66BC}"
EndProject
Project("{FAE04EC0-301F-11D3-BF4B-00C04F79EFBC}") = "Tyuiu.RogovA.Sprint0.Task3.V0", "Tyuiu.RogovA.Sprint0.Task3\Tyuiu.RogovA.Sprint0.Task3.V0.csproj", "{DA749F21-9FD8-4E86-BC8D-E4BF3EA17E6F}"
EndProject
Project("{2150E333-8FDC-42A3-9474-1A3956D46DE8}") = "Task4", "Task4", "{FA9F47FB-918D-4A1D-BD4F-995492B7E2BF}"
EndProject
Project("{FAE04EC0-301F-11D3-BF4B-00C04F79EFBC}") = "Tyuiu.RogovA.Sprint0.Task4.V0", "Tyuiu.RogovA.Sprint0.Task4.V0\Tyuiu.RogovA.Sprint0.Task4.V0.csproj", "{2E735BEC-0F18-4861-A526-6B60C62A74AF}"
EndProject
Project("{FAE04EC0-301F-11D3-BF4B-00C04F79EFBC}") = "Tyuiu.RogovA.Sprint0.Task4.V0.Lib", "Tyuiu.RogovA.Sprint0.Task4.V0.Lib\Tyuiu.RogovA.Sprint0.Task4.V0.Lib.csproj", "{AE9FA5FF-E9DA-4C63-83F9-94EB2E6BBECC}"
EndProject
Project("{FAE04EC0-301F-11D3-BF4B-00C04F79EFBC}") = "Tyuiu.RogovA.Sprint0.Task4.V0.Test", "Tyuiu.RogovA.Sprint0.Task4.V0.Test\Tyuiu.RogovA.Sprint0.Task4.V0.Test.csproj", "{5230B421-EC30-4108-9AD0-64AC88C4EF69}"
EndProject
Project("{2150E333-8FDC-42A3-9474-1A3956D46DE8}") = "Task5", "Task5", "{106C26F7-5CA4-46A8-A288-FEF43F210F63}"
EndProject
Project("{9A19103F-16F7-4668-BE54-9A1E7A4F7556}") = "Tyuiu.RogovA.Sprint0.Task5.V0", "Tyuiu.RogovA.Sprint0.Task5.V0\Tyuiu.RogovA.Sprint0.Task5.V0.csproj", "{593E51BC-5D90-4654-9B80-8F3838F8D2BD}"
EndProject
Project("{9A19103F-16F7-4668-BE54-9A1E7A4F7556}") = "Tyuiu.RogovA.Sprint0.Task5.V0.Lib", "Tyuiu.RogovA.Sprint0.Task5.V0.Lib\Tyuiu.RogovA.Sprint0.Task5.V0.Lib.csproj", "{C0865A8B-4C8F-4051-99E8-09714A1691F7}"
EndProject
Project("{9A19103F-16F7-4668-BE54-9A1E7A4F7556}") = "Tyuiu.RogovA.Sprint0.Task5.V0.Test", "Tyuiu.RogovA.Sprint0.Task5.V0.Test\Tyuiu.RogovA.Sprint0.Task5.V0.Test.csproj", "{A02398FA-27FE-4486-AD0D-7DAF4B25894C}"
EndProject
Project("{2150E333-8FDC-42A3-9474-1A3956D46DE8}") = "Task6", "Task6", "{2A209C3D-EFD5-4FBB-A1E5-F8588E7230BD}"
EndProject
Project("{FAE04EC0-301F-11D3-BF4B-00C04F79EFBC}") = "Tyuiu.RogovA.Sprint0.Task6.V0.Test", "Tyuiu.RogovA.Sprint0.Task6.V0.Test\Tyuiu.RogovA.Sprint0.Task6.V0.Test.csproj", "{A4A308CD-9A37-42CA-A141-25B13AB91D5C}"
EndProject
Project("{FAE04EC0-301F-11D3-BF4B-00C04F79EFBC}") = "Tyuiu.RogovA.Sprint0.Task6.V0.Lib", "Tyuiu.RogovA.Sprint0.Task6.V0.Lib\Tyuiu.RogovA.Sprint0.Task6.V0.Lib.csproj", "{BF0D3013-1FDB-42CF-89B0-033784E26D01}"
EndProject
Project("{FAE04EC0-301F-11D3-BF4B-00C04F79EFBC}") = "Tyuiu.RogovA.Sprint0.Task6.V0", "Tyuiu.RogovA.Sprint0.Task6.V0\Tyuiu.RogovA.Sprint0.Task6.V0.csproj", "{935DAE2F-6CB4-4152-9203-CBDF78A67EED}"
EndProject
Global
	GlobalSection(SolutionConfigurationPlatforms) = preSolution
		Debug|Any CPU = Debug|Any CPU
		Release|Any CPU = Release|Any CPU
	EndGlobalSection
	GlobalSection(ProjectConfigurationPlatforms) = postSolution
		{A78BFC64-E7D8-4490-8365-AA6FFD0EBC58}.Debug|Any CPU.ActiveCfg = Debug|Any CPU
		{A78BFC64-E7D8-4490-8365-AA6FFD0EBC58}.Debug|Any CPU.Build.0 = Debug|Any CPU
		{A78BFC64-E7D8-4490-8365-AA6FFD0EBC58}.Release|Any CPU.ActiveCfg = Release|Any CPU
		{A78BFC64-E7D8-4490-8365-AA6FFD0EBC58}.Release|Any CPU.Build.0 = Release|Any CPU
		{D34EE392-BECC-4288-A1C3-30C99C370AAD}.Debug|Any CPU.ActiveCfg = Debug|Any CPU
		{D34EE392-BECC-4288-A1C3-30C99C370AAD}.Debug|Any CPU.Build.0 = Debug|Any CPU
		{D34EE392-BECC-4288-A1C3-30C99C370AAD}.Release|Any CPU.ActiveCfg = Release|Any CPU
		{D34EE392-BECC-4288-A1C3-30C99C370AAD}.Release|Any CPU.Build.0 = Release|Any CPU
		{D1683E8C-A530-4099-888A-D8C5F38E4E27}.Debug|Any CPU.ActiveCfg = Debug|Any CPU
		{D1683E8C-A530-4099-888A-D8C5F38E4E27}.Debug|Any CPU.Build.0 = Debug|Any CPU
		{D1683E8C-A530-4099-888A-D8C5F38E4E27}.Release|Any CPU.ActiveCfg = Release|Any CPU
		{D1683E8C-A530-4099-888A-D8C5F38E4E27}.Release|Any CPU.Build.0 = Release|Any CPU
		{39DFF9C4-8A3F-4AE5-95AB-ED7A64464153}.Debug|Any CPU.ActiveCfg = Debug|Any CPU
		{39DFF9C4-8A3F-4AE5-95AB-ED7A64464153}.Debug|Any CPU.Build.0 = Debug|Any CPU
		{39DFF9C4-8A3F-4AE5-95AB-ED7A64464153}.Release|Any CPU.ActiveCfg = Release|Any CPU
		{39DFF9C4-8A3F-4AE5-95AB-ED7A64464153}.Release|Any CPU.Build.0 = Release|Any CPU
		{CC95144E-7D41-4822-AB2A-8C3D5882AB17}.Debug|Any CPU.ActiveCfg = Debug|Any CPU
		{CC95144E-7D41-4822-AB2A-8C3D5882AB17}.Debug|Any CPU.Build.0 = Debug|Any CPU
		{CC95144E-7D41-4822-AB2A-8C3D5882AB17}.Release|Any CPU.ActiveCfg = Release|Any CPU
		{CC95144E-7D41-4822-AB2A-8C3D5882AB17}.Release|Any CPU.Build.0 = Release|Any CPU
		{32E15468-9C2D-4EEC-A7B0-60540C43B82E}.Debug|Any CPU.ActiveCfg = Debug|Any CPU
		{32E15468-9C2D-4EEC-A7B0-60540C43B82E}.Debug|Any CPU.Build.0 = Debug|Any CPU
		{32E15468-9C2D-4EEC-A7B0-60540C43B82E}.Release|Any CPU.ActiveCfg = Release|Any CPU
		{32E15468-9C2D-4EEC-A7B0-60540C43B82E}.Release|Any CPU.Build.0 = Release|Any CPU
		{9FF48102-7FBA-4997-8C3C-4C9E428A66BC}.Debug|Any CPU.ActiveCfg = Debug|Any CPU
		{9FF48102-7FBA-4997-8C3C-4C9E428A66BC}.Debug|Any CPU.Build.0 = Debug|Any CPU
		{9FF48102-7FBA-4997-8C3C-4C9E428A66BC}.Release|Any CPU.ActiveCfg = Release|Any CPU
		{9FF48102-7FBA-4997-8C3C-4C9E428A66BC}.Release|Any CPU.Build.0 = Release|Any CPU
		{DA749F21-9FD8-4E86-BC8D-E4BF3EA17E6F}.Debug|Any CPU.ActiveCfg = Debug|Any CPU
		{DA749F21-9FD8-4E86-BC8D-E4BF3EA17E6F}.Debug|Any CPU.Build.0 = Debug|Any CPU
		{DA749F21-9FD8-4E86-BC8D-E4BF3EA17E6F}.Release|Any CPU.ActiveCfg = Release|Any CPU
		{DA749F21-9FD8-4E86-BC8D-E4BF3EA17E6F}.Release|Any CPU.Build.0 = Release|Any CPU
		{2E735BEC-0F18-4861-A526-6B60C62A74AF}.Debug|Any CPU.ActiveCfg = Debug|Any CPU
		{2E735BEC-0F18-4861-A526-6B60C62A74AF}.Debug|Any CPU.Build.0 = Debug|Any CPU
		{2E735BEC-0F18-4861-A526-6B60C62A74AF}.Release|Any CPU.ActiveCfg = Release|Any CPU
		{2E735BEC-0F18-4861-A526-6B60C62A74AF}.Release|Any CPU.Build.0 = Release|Any CPU
		{AE9FA5FF-E9DA-4C63-83F9-94EB2E6BBECC}.Debug|Any CPU.ActiveCfg = Debug|Any CPU
		{AE9FA5FF-E9DA-4C63-83F9-94EB2E6BBECC}.Debug|Any CPU.Build.0 = Debug|Any CPU
		{AE9FA5FF-E9DA-4C63-83F9-94EB2E6BBECC}.Release|Any CPU.ActiveCfg = Release|Any CPU
		{AE9FA5FF-E9DA-4C63-83F9-94EB2E6BBECC}.Release|Any CPU.Build.0 = Release|Any CPU
		{5230B421-EC30-4108-9AD0-64AC88C4EF69}.Debug|Any CPU.ActiveCfg = Debug|Any CPU
		{5230B421-EC30-4108-9AD0-64AC88C4EF69}.Debug|Any CPU.Build.0 = Debug|Any CPU
		{5230B421-EC30-4108-9AD0-64AC88C4EF69}.Release|Any CPU.ActiveCfg = Release|Any CPU
		{5230B421-EC30-4108-9AD0-64AC88C4EF69}.Release|Any CPU.Build.0 = Release|Any CPU
		{593E51BC-5D90-4654-9B80-8F3838F8D2BD}.Debug|Any CPU.ActiveCfg = Debug|Any CPU
		{593E51BC-5D90-4654-9B80-8F3838F8D2BD}.Debug|Any CPU.Build.0 = Debug|Any CPU
		{593E51BC-5D90-4654-9B80-8F3838F8D2BD}.Release|Any CPU.ActiveCfg = Release|Any CPU
		{593E51BC-5D90-4654-9B80-8F3838F8D2BD}.Release|Any CPU.Build.0 = Release|Any CPU
		{C0865A8B-4C8F-4051-99E8-09714A1691F7}.Debug|Any CPU.ActiveCfg = Debug|Any CPU
		{C0865A8B-4C8F-4051-99E8-09714A1691F7}.Debug|Any CPU.Build.0 = Debug|Any CPU
		{C0865A8B-4C8F-4051-99E8-09714A1691F7}.Release|Any CPU.ActiveCfg = Release|Any CPU
		{C0865A8B-4C8F-4051-99E8-09714A1691F7}.Release|Any CPU.Build.0 = Release|Any CPU
		{A02398FA-27FE-4486-AD0D-7DAF4B25894C}.Debug|Any CPU.ActiveCfg = Debug|Any CPU
		{A02398FA-27FE-4486-AD0D-7DAF4B25894C}.Debug|Any CPU.Build.0 = Debug|Any CPU
		{A02398FA-27FE-4486-AD0D-7DAF4B25894C}.Release|Any CPU.ActiveCfg = Release|Any CPU
		{A02398FA-27FE-4486-AD0D-7DAF4B25894C}.Release|Any CPU.Build.0 = Release|Any CPU
		{A4A308CD-9A37-42CA-A141-25B13AB91D5C}.Debug|Any CPU.ActiveCfg = Debug|Any CPU
		{A4A308CD-9A37-42CA-A141-25B13AB91D5C}.Debug|Any CPU.Build.0 = Debug|Any CPU
		{A4A308CD-9A37-42CA-A141-25B13AB91D5C}.Release|Any CPU.ActiveCfg = Release|Any CPU
		{A4A308CD-9A37-42CA-A141-25B13AB91D5C}.Release|Any CPU.Build.0 = Release|Any CPU
		{BF0D3013-1FDB-42CF-89B0-033784E26D01}.Debug|Any CPU.ActiveCfg = Debug|Any CPU
		{BF0D3013-1FDB-42CF-89B0-033784E26D01}.Debug|Any CPU.Build.0 = Debug|Any CPU
		{BF0D3013-1FDB-42CF-89B0-033784E26D01}.Release|Any CPU.ActiveCfg = Release|Any CPU
		{BF0D3013-1FDB-42CF-89B0-033784E26D01}.Release|Any CPU.Build.0 = Release|Any CPU
		{935DAE2F-6CB4-4152-9203-CBDF78A67EED}.Debug|Any CPU.ActiveCfg = Debug|Any CPU
		{935DAE2F-6CB4-4152-9203-CBDF78A67EED}.Debug|Any CPU.Build.0 = Debug|Any CPU
		{935DAE2F-6CB4-4152-9203-CBDF78A67EED}.Release|Any CPU.ActiveCfg = Release|Any CPU
		{935DAE2F-6CB4-4152-9203-CBDF78A67EED}.Release|Any CPU.Build.0 = Release|Any CPU
	EndGlobalSection
	GlobalSection(SolutionProperties) = preSolution
		HideSolutionNode = FALSE
	EndGlobalSection
	GlobalSection(NestedProjects) = preSolution
		{A78BFC64-E7D8-4490-8365-AA6FFD0EBC58} = {B9999FE2-2707-40E1-BCA8-E74E24124F17}
		{D34EE392-BECC-4288-A1C3-30C99C370AAD} = {7E3AEE8C-FE56-4473-996B-350B83B58575}
		{D1683E8C-A530-4099-888A-D8C5F38E4E27} = {979BE82A-4B5C-4DEF-BD12-551B37A2B8D9}
		{39DFF9C4-8A3F-4AE5-95AB-ED7A64464153} = {979BE82A-4B5C-4DEF-BD12-551B37A2B8D9}
		{CC95144E-7D41-4822-AB2A-8C3D5882AB17} = {979BE82A-4B5C-4DEF-BD12-551B37A2B8D9}
		{32E15468-9C2D-4EEC-A7B0-60540C43B82E} = {48C54DD0-3542-4F48-9F3F-DBDD3646CC15}
		{9FF48102-7FBA-4997-8C3C-4C9E428A66BC} = {48C54DD0-3542-4F48-9F3F-DBDD3646CC15}
		{DA749F21-9FD8-4E86-BC8D-E4BF3EA17E6F} = {48C54DD0-3542-4F48-9F3F-DBDD3646CC15}
		{2E735BEC-0F18-4861-A526-6B60C62A74AF} = {FA9F47FB-918D-4A1D-BD4F-995492B7E2BF}
		{AE9FA5FF-E9DA-4C63-83F9-94EB2E6BBECC} = {FA9F47FB-918D-4A1D-BD4F-995492B7E2BF}
		{5230B421-EC30-4108-9AD0-64AC88C4EF69} = {FA9F47FB-918D-4A1D-BD4F-995492B7E2BF}
		{593E51BC-5D90-4654-9B80-8F3838F8D2BD} = {106C26F7-5CA4-46A8-A288-FEF43F210F63}
		{C0865A8B-4C8F-4051-99E8-09714A1691F7} = {106C26F7-5CA4-46A8-A288-FEF43F210F63}
		{A02398FA-27FE-4486-AD0D-7DAF4B25894C} = {106C26F7-5CA4-46A8-A288-FEF43F210F63}
		{A4A308CD-9A37-42CA-A141-25B13AB91D5C} = {2A209C3D-EFD5-4FBB-A1E5-F8588E7230BD}
		{BF0D3013-1FDB-42CF-89B0-033784E26D01} = {2A209C3D-EFD5-4FBB-A1E5-F8588E7230BD}
		{935DAE2F-6CB4-4152-9203-CBDF78A67EED} = {2A209C3D-EFD5-4FBB-A1E5-F8588E7230BD}
	EndGlobalSection
	GlobalSection(ExtensibilityGlobals) = postSolution
		SolutionGuid = {967125D6-AC37-41C3-BB47-BFE3B9A76880}
	EndGlobalSection
EndGlobal
