
Microsoft Visual Studio Solution File, Format Version 12.00
# Visual Studio Version 17
VisualStudioVersion = 17.11.35303.130
MinimumVisualStudioVersion = 10.0.40219.1
Project("{2150E333-8FDC-42A3-9474-1A3956D46DE8}") = "Task0", "Task0", "{B9999FE2-2707-40E1-BCA8-E74E24124F17}"
EndProject
Project("{FAE04EC0-301F-11D3-BF4B-00C04F79EFBC}") = "Tyuiu.RogovA.Sprint0.Task0.V0", "Tyuiu.RogovA.Sprint0.Task0.V0\Tyuiu.RogovA.Sprint0.Task0.V0.csproj", "{A78BFC64-E7D8-4490-8365-AA6FFD0EBC58}"
EndProject
Global
	GlobalSection(SolutionConfigurationPlatforms) = preSolution
		Debug|Any CPU = Debug|Any CPU
		Release|Any CPU = Release|Any CPU
	EndGlobalSection
	GlobalSection(ProjectConfigurationPlatforms) = postSolution
		{A78BFC64-E7D8-4490-8365-AA6FFD0EBC58}.Debug|Any CPU.ActiveCfg = Debug|Any CPU
		{A78BFC64-E7D8-4490-8365-AA6FFD0EBC58}.Debug|Any CPU.Build.0 = Debug|Any CPU
		{A78BFC64-E7D8-4490-8365-AA6FFD0EBC58}.Release|Any CPU.ActiveCfg = Release|Any CPU
		{A78BFC64-E7D8-4490-8365-AA6FFD0EBC58}.Release|Any CPU.Build.0 = Release|Any CPU
	EndGlobalSection
	GlobalSection(SolutionProperties) = preSolution
		HideSolutionNode = FALSE
	EndGlobalSection
	GlobalSection(NestedProjects) = preSolution
		{A78BFC64-E7D8-4490-8365-AA6FFD0EBC58} = {B9999FE2-2707-40E1-BCA8-E74E24124F17}
	EndGlobalSection
	GlobalSection(ExtensibilityGlobals) = postSolution
		SolutionGuid = {967125D6-AC37-41C3-BB47-BFE3B9A76880}
	EndGlobalSection
EndGlobal
